// !$*UTF8*$!
{
	archiveVersion = 1;
	classes = {
	};
	objectVersion = 46;
	objects = {

/* Begin PBXBuildFile section */
		5B731B131E94403B00D135A6 /* TotalsHeaderView.swift in Sources */ = {isa = PBXBuildFile; fileRef = 5B731B121E94403B00D135A6 /* TotalsHeaderView.swift */; };
		5BDA48771E945C7800D4C73F /* AttributedStringSingleton.swift in Sources */ = {isa = PBXBuildFile; fileRef = 5BDA48761E945C7800D4C73F /* AttributedStringSingleton.swift */; };
		5BDA487A1E945CC400D4C73F /* File.swift in Sources */ = {isa = PBXBuildFile; fileRef = 5BDA48791E945CC400D4C73F /* File.swift */; };
		5BDA487C1E945CF700D4C73F /* TransactionTypeEnum.swift in Sources */ = {isa = PBXBuildFile; fileRef = 5BDA487B1E945CF700D4C73F /* TransactionTypeEnum.swift */; };
		5BEF3E9E1E92BF5500E8F191 /* AppDelegate.swift in Sources */ = {isa = PBXBuildFile; fileRef = 5BEF3E9D1E92BF5500E8F191 /* AppDelegate.swift */; };
		5BEF3EA01E92BF5500E8F191 /* AccountViewController.swift in Sources */ = {isa = PBXBuildFile; fileRef = 5BEF3E9F1E92BF5500E8F191 /* AccountViewController.swift */; };
		5BEF3EA51E92BF5500E8F191 /* Assets.xcassets in Resources */ = {isa = PBXBuildFile; fileRef = 5BEF3EA41E92BF5500E8F191 /* Assets.xcassets */; };
		5BEF3EA81E92BF5500E8F191 /* LaunchScreen.storyboard in Resources */ = {isa = PBXBuildFile; fileRef = 5BEF3EA61E92BF5500E8F191 /* LaunchScreen.storyboard */; };
		5BEF3EB21E92C0DC00E8F191 /* TransactionContainer.swift in Sources */ = {isa = PBXBuildFile; fileRef = 5BEF3EB11E92C0DC00E8F191 /* TransactionContainer.swift */; };
		5BEF3EB41E93909500E8F191 /* TransactionTableViewCell.swift in Sources */ = {isa = PBXBuildFile; fileRef = 5BEF3EB31E93909500E8F191 /* TransactionTableViewCell.swift */; };
/* End PBXBuildFile section */

/* Begin PBXFileReference section */
		5B731B121E94403B00D135A6 /* TotalsHeaderView.swift */ = {isa = PBXFileReference; fileEncoding = 4; lastKnownFileType = sourcecode.swift; path = TotalsHeaderView.swift; sourceTree = "<group>"; };
		5BDA48761E945C7800D4C73F /* AttributedStringSingleton.swift */ = {isa = PBXFileReference; fileEncoding = 4; lastKnownFileType = sourcecode.swift; path = AttributedStringSingleton.swift; sourceTree = "<group>"; };
		5BDA48791E945CC400D4C73F /* File.swift */ = {isa = PBXFileReference; fileEncoding = 4; lastKnownFileType = sourcecode.swift; path = File.swift; sourceTree = "<group>"; };
		5BDA487B1E945CF700D4C73F /* TransactionTypeEnum.swift */ = {isa = PBXFileReference; fileEncoding = 4; lastKnownFileType = sourcecode.swift; path = TransactionTypeEnum.swift; sourceTree = "<group>"; };
		5BEF3E9A1E92BF5500E8F191 /* CapitolOneCodingExercise.app */ = {isa = PBXFileReference; explicitFileType = wrapper.application; includeInIndex = 0; path = CapitolOneCodingExercise.app; sourceTree = BUILT_PRODUCTS_DIR; };
		5BEF3E9D1E92BF5500E8F191 /* AppDelegate.swift */ = {isa = PBXFileReference; lastKnownFileType = sourcecode.swift; path = AppDelegate.swift; sourceTree = "<group>"; };
		5BEF3E9F1E92BF5500E8F191 /* AccountViewController.swift */ = {isa = PBXFileReference; lastKnownFileType = sourcecode.swift; path = AccountViewController.swift; sourceTree = "<group>"; };
		5BEF3EA41E92BF5500E8F191 /* Assets.xcassets */ = {isa = PBXFileReference; lastKnownFileType = folder.assetcatalog; path = Assets.xcassets; sourceTree = "<group>"; };
		5BEF3EA71E92BF5500E8F191 /* Base */ = {isa = PBXFileReference; lastKnownFileType = file.storyboard; name = Base; path = Base.lproj/LaunchScreen.storyboard; sourceTree = "<group>"; };
		5BEF3EA91E92BF5500E8F191 /* Info.plist */ = {isa = PBXFileReference; lastKnownFileType = text.plist.xml; path = Info.plist; sourceTree = "<group>"; };
		5BEF3EB11E92C0DC00E8F191 /* TransactionContainer.swift */ = {isa = PBXFileReference; fileEncoding = 4; lastKnownFileType = sourcecode.swift; path = TransactionContainer.swift; sourceTree = "<group>"; };
		5BEF3EB31E93909500E8F191 /* TransactionTableViewCell.swift */ = {isa = PBXFileReference; fileEncoding = 4; lastKnownFileType = sourcecode.swift; path = TransactionTableViewCell.swift; sourceTree = "<group>"; };
/* End PBXFileReference section */

/* Begin PBXFrameworksBuildPhase section */
		5BEF3E971E92BF5500E8F191 /* Frameworks */ = {
			isa = PBXFrameworksBuildPhase;
			buildActionMask = 2147483647;
			files = (
			);
			runOnlyForDeploymentPostprocessing = 0;
		};
/* End PBXFrameworksBuildPhase section */

/* Begin PBXGroup section */
		5BDA48751E945C5F00D4C73F /* Helper Methods */ = {
			isa = PBXGroup;
			children = (
				5BDA48761E945C7800D4C73F /* AttributedStringSingleton.swift */,
			);
			name = "Helper Methods";
			sourceTree = "<group>";
		};
		5BDA48781E945CB600D4C73F /* Model */ = {
			isa = PBXGroup;
			children = (
				5BDA48791E945CC400D4C73F /* File.swift */,
				5BDA487B1E945CF700D4C73F /* TransactionTypeEnum.swift */,
			);
			name = Model;
			sourceTree = "<group>";
		};
		5BEF3E911E92BF5500E8F191 = {
			isa = PBXGroup;
			children = (
				5BEF3E9C1E92BF5500E8F191 /* CapitolOneCodingExercise */,
				5BEF3E9B1E92BF5500E8F191 /* Products */,
			);
			sourceTree = "<group>";
		};
		5BEF3E9B1E92BF5500E8F191 /* Products */ = {
			isa = PBXGroup;
			children = (
				5BEF3E9A1E92BF5500E8F191 /* CapitolOneCodingExercise.app */,
			);
			name = Products;
			sourceTree = "<group>";
		};
		5BEF3E9C1E92BF5500E8F191 /* CapitolOneCodingExercise */ = {
			isa = PBXGroup;
			children = (
				5BDA48781E945CB600D4C73F /* Model */,
				5BEF3EB51E93909C00E8F191 /* Views */,
				5BDA48751E945C5F00D4C73F /* Helper Methods */,
				5BEF3E9D1E92BF5500E8F191 /* AppDelegate.swift */,
				5BEF3E9F1E92BF5500E8F191 /* AccountViewController.swift */,
				5BEF3EB11E92C0DC00E8F191 /* TransactionContainer.swift */,
				5BEF3EA41E92BF5500E8F191 /* Assets.xcassets */,
				5BEF3EA61E92BF5500E8F191 /* LaunchScreen.storyboard */,
				5BEF3EA91E92BF5500E8F191 /* Info.plist */,
			);
			path = CapitolOneCodingExercise;
			sourceTree = "<group>";
		};
		5BEF3EB51E93909C00E8F191 /* Views */ = {
			isa = PBXGroup;
			children = (
				5BEF3EB31E93909500E8F191 /* TransactionTableViewCell.swift */,
				5B731B121E94403B00D135A6 /* TotalsHeaderView.swift */,
			);
			name = Views;
			sourceTree = "<group>";
		};
/* End PBXGroup section */

/* Begin PBXNativeTarget section */
		5BEF3E991E92BF5500E8F191 /* CapitolOneCodingExercise */ = {
			isa = PBXNativeTarget;
			buildConfigurationList = 5BEF3EAC1E92BF5500E8F191 /* Build configuration list for PBXNativeTarget "CapitolOneCodingExercise" */;
			buildPhases = (
				5BEF3E961E92BF5500E8F191 /* Sources */,
				5BEF3E971E92BF5500E8F191 /* Frameworks */,
				5BEF3E981E92BF5500E8F191 /* Resources */,
			);
			buildRules = (
			);
			dependencies = (
			);
			name = CapitolOneCodingExercise;
			productName = CapitolOneCodingExercise;
			productReference = 5BEF3E9A1E92BF5500E8F191 /* CapitolOneCodingExercise.app */;
			productType = "com.apple.product-type.application";
		};
/* End PBXNativeTarget section */

/* Begin PBXProject section */
		5BEF3E921E92BF5500E8F191 /* Project object */ = {
			isa = PBXProject;
			attributes = {
				LastSwiftUpdateCheck = 0830;
				LastUpgradeCheck = 0830;
				ORGANIZATIONNAME = "Perris Davis";
				TargetAttributes = {
					5BEF3E991E92BF5500E8F191 = {
						CreatedOnToolsVersion = 8.3;
						DevelopmentTeam = 4AM5US9G8B;
						ProvisioningStyle = Automatic;
					};
				};
			};
			buildConfigurationList = 5BEF3E951E92BF5500E8F191 /* Build configuration list for PBXProject "CapitolOneCodingExercise" */;
			compatibilityVersion = "Xcode 3.2";
			developmentRegion = English;
			hasScannedForEncodings = 0;
			knownRegions = (
				en,
				Base,
			);
			mainGroup = 5BEF3E911E92BF5500E8F191;
			productRefGroup = 5BEF3E9B1E92BF5500E8F191 /* Products */;
			projectDirPath = "";
			projectRoot = "";
			targets = (
				5BEF3E991E92BF5500E8F191 /* CapitolOneCodingExercise */,
			);
		};
/* End PBXProject section */

/* Begin PBXResourcesBuildPhase section */
		5BEF3E981E92BF5500E8F191 /* Resources */ = {
			isa = PBXResourcesBuildPhase;
			buildActionMask = 2147483647;
			files = (
				5BEF3EA81E92BF5500E8F191 /* LaunchScreen.storyboard in Resources */,
				5BEF3EA51E92BF5500E8F191 /* Assets.xcassets in Resources */,
			);
			runOnlyForDeploymentPostprocessing = 0;
		};
/* End PBXResourcesBuildPhase section */

/* Begin PBXSourcesBuildPhase section */
		5BEF3E961E92BF5500E8F191 /* Sources */ = {
			isa = PBXSourcesBuildPhase;
			buildActionMask = 2147483647;
			files = (
				5BDA48771E945C7800D4C73F /* AttributedStringSingleton.swift in Sources */,
				5BDA487C1E945CF700D4C73F /* TransactionTypeEnum.swift in Sources */,
				5BEF3EA01E92BF5500E8F191 /* AccountViewController.swift in Sources */,
				5BDA487A1E945CC400D4C73F /* File.swift in Sources */,
				5BEF3E9E1E92BF5500E8F191 /* AppDelegate.swift in Sources */,
				5B731B131E94403B00D135A6 /* TotalsHeaderView.swift in Sources */,
				5BEF3EB41E93909500E8F191 /* TransactionTableViewCell.swift in Sources */,
				5BEF3EB21E92C0DC00E8F191 /* TransactionContainer.swift in Sources */,
			);
			runOnlyForDeploymentPostprocessing = 0;
		};
/* End PBXSourcesBuildPhase section */

/* Begin PBXVariantGroup section */
		5BEF3EA61E92BF5500E8F191 /* LaunchScreen.storyboard */ = {
			isa = PBXVariantGroup;
			children = (
				5BEF3EA71E92BF5500E8F191 /* Base */,
			);
			name = LaunchScreen.storyboard;
			sourceTree = "<group>";
		};
/* End PBXVariantGroup section */

/* Begin XCBuildConfiguration section */
		5BEF3EAA1E92BF5500E8F191 /* Debug */ = {
			isa = XCBuildConfiguration;
			buildSettings = {
				ALWAYS_SEARCH_USER_PATHS = NO;
				CLANG_ANALYZER_NONNULL = YES;
				CLANG_ANALYZER_NUMBER_OBJECT_CONVERSION = YES_AGGRESSIVE;
				CLANG_CXX_LANGUAGE_STANDARD = "gnu++0x";
				CLANG_CXX_LIBRARY = "libc++";
				CLANG_ENABLE_MODULES = YES;
				CLANG_ENABLE_OBJC_ARC = YES;
				CLANG_WARN_BOOL_CONVERSION = YES;
				CLANG_WARN_CONSTANT_CONVERSION = YES;
				CLANG_WARN_DIRECT_OBJC_ISA_USAGE = YES_ERROR;
				CLANG_WARN_DOCUMENTATION_COMMENTS = YES;
				CLANG_WARN_EMPTY_BODY = YES;
				CLANG_WARN_ENUM_CONVERSION = YES;
				CLANG_WARN_INFINITE_RECURSION = YES;
				CLANG_WARN_INT_CONVERSION = YES;
				CLANG_WARN_OBJC_ROOT_CLASS = YES_ERROR;
				CLANG_WARN_SUSPICIOUS_MOVE = YES;
				CLANG_WARN_UNREACHABLE_CODE = YES;
				CLANG_WARN__DUPLICATE_METHOD_MATCH = YES;
				"CODE_SIGN_IDENTITY[sdk=iphoneos*]" = "iPhone Developer";
				COPY_PHASE_STRIP = NO;
				DEBUG_INFORMATION_FORMAT = dwarf;
				ENABLE_STRICT_OBJC_MSGSEND = YES;
				ENABLE_TESTABILITY = YES;
				GCC_C_LANGUAGE_STANDARD = gnu99;
				GCC_DYNAMIC_NO_PIC = NO;
				GCC_NO_COMMON_BLOCKS = YES;
				GCC_OPTIMIZATION_LEVEL = 0;
				GCC_PREPROCESSOR_DEFINITIONS = (
					"DEBUG=1",
					"$(inherited)",
				);
				GCC_WARN_64_TO_32_BIT_CONVERSION = YES;
				GCC_WARN_ABOUT_RETURN_TYPE = YES_ERROR;
				GCC_WARN_UNDECLARED_SELECTOR = YES;
				GCC_WARN_UNINITIALIZED_AUTOS = YES_AGGRESSIVE;
				GCC_WARN_UNUSED_FUNCTION = YES;
				GCC_WARN_UNUSED_VARIABLE = YES;
				IPHONEOS_DEPLOYMENT_TARGET = 10.3;
				MTL_ENABLE_DEBUG_INFO = YES;
				ONLY_ACTIVE_ARCH = YES;
				SDKROOT = iphoneos;
				SWIFT_ACTIVE_COMPILATION_CONDITIONS = DEBUG;
				SWIFT_OPTIMIZATION_LEVEL = "-Onone";
				TARGETED_DEVICE_FAMILY = "1,2";
			};
			name = Debug;
		};
		5BEF3EAB1E92BF5500E8F191 /* Release */ = {
			isa = XCBuildConfiguration;
			buildSettings = {
				ALWAYS_SEARCH_USER_PATHS = NO;
				CLANG_ANALYZER_NONNULL = YES;
				CLANG_ANALYZER_NUMBER_OBJECT_CONVERSION = YES_AGGRESSIVE;
				CLANG_CXX_LANGUAGE_STANDARD = "gnu++0x";
				CLANG_CXX_LIBRARY = "libc++";
				CLANG_ENABLE_MODULES = YES;
				CLANG_ENABLE_OBJC_ARC = YES;
				CLANG_WARN_BOOL_CONVERSION = YES;
				CLANG_WARN_CONSTANT_CONVERSION = YES;
				CLANG_WARN_DIRECT_OBJC_ISA_USAGE = YES_ERROR;
				CLANG_WARN_DOCUMENTATION_COMMENTS = YES;
				CLANG_WARN_EMPTY_BODY = YES;
				CLANG_WARN_ENUM_CONVERSION = YES;
				CLANG_WARN_INFINITE_RECURSION = YES;
				CLANG_WARN_INT_CONVERSION = YES;
				CLANG_WARN_OBJC_ROOT_CLASS = YES_ERROR;
				CLANG_WARN_SUSPICIOUS_MOVE = YES;
				CLANG_WARN_UNREACHABLE_CODE = YES;
				CLANG_WARN__DUPLICATE_METHOD_MATCH = YES;
				"CODE_SIGN_IDENTITY[sdk=iphoneos*]" = "iPhone Developer";
				COPY_PHASE_STRIP = NO;
				DEBUG_INFORMATION_FORMAT = "dwarf-with-dsym";
				ENABLE_NS_ASSERTIONS = NO;
				ENABLE_STRICT_OBJC_MSGSEND = YES;
				GCC_C_LANGUAGE_STANDARD = gnu99;
				GCC_NO_COMMON_BLOCKS = YES;
				GCC_WARN_64_TO_32_BIT_CONVERSION = YES;
				GCC_WARN_ABOUT_RETURN_TYPE = YES_ERROR;
				GCC_WARN_UNDECLARED_SELECTOR = YES;
				GCC_WARN_UNINITIALIZED_AUTOS = YES_AGGRESSIVE;
				GCC_WARN_UNUSED_FUNCTION = YES;
				GCC_WARN_UNUSED_VARIABLE = YES;
				IPHONEOS_DEPLOYMENT_TARGET = 10.3;
				MTL_ENABLE_DEBUG_INFO = NO;
				SDKROOT = iphoneos;
				SWIFT_OPTIMIZATION_LEVEL = "-Owholemodule";
				TARGETED_DEVICE_FAMILY = "1,2";
				VALIDATE_PRODUCT = YES;
			};
			name = Release;
		};
		5BEF3EAD1E92BF5500E8F191 /* Debug */ = {
			isa = XCBuildConfiguration;
			buildSettings = {
				ASSETCATALOG_COMPILER_APPICON_NAME = AppIcon;
				DEVELOPMENT_TEAM = 4AM5US9G8B;
				INFOPLIST_FILE = CapitolOneCodingExercise/Info.plist;
				LD_RUNPATH_SEARCH_PATHS = "$(inherited) @executable_path/Frameworks";
				PRODUCT_BUNDLE_IDENTIFIER = com.perrisdavis.CapitolOneCodingExercise;
				PRODUCT_NAME = "$(TARGET_NAME)";
				SWIFT_VERSION = 3.0;
			};
			name = Debug;
		};
		5BEF3EAE1E92BF5500E8F191 /* Release */ = {
			isa = XCBuildConfiguration;
			buildSettings = {
				ASSETCATALOG_COMPILER_APPICON_NAME = AppIcon;
				DEVELOPMENT_TEAM = 4AM5US9G8B;
				INFOPLIST_FILE = CapitolOneCodingExercise/Info.plist;
				LD_RUNPATH_SEARCH_PATHS = "$(inherited) @executable_path/Frameworks";
				PRODUCT_BUNDLE_IDENTIFIER = com.perrisdavis.CapitolOneCodingExercise;
				PRODUCT_NAME = "$(TARGET_NAME)";
				SWIFT_VERSION = 3.0;
			};
			name = Release;
		};
/* End XCBuildConfiguration section */

/* Begin XCConfigurationList section */
		5BEF3E951E92BF5500E8F191 /* Build configuration list for PBXProject "CapitolOneCodingExercise" */ = {
			isa = XCConfigurationList;
			buildConfigurations = (
				5BEF3EAA1E92BF5500E8F191 /* Debug */,
				5BEF3EAB1E92BF5500E8F191 /* Release */,
			);
			defaultConfigurationIsVisible = 0;
			defaultConfigurationName = Release;
		};
		5BEF3EAC1E92BF5500E8F191 /* Build configuration list for PBXNativeTarget "CapitolOneCodingExercise" */ = {
			isa = XCConfigurationList;
			buildConfigurations = (
				5BEF3EAD1E92BF5500E8F191 /* Debug */,
				5BEF3EAE1E92BF5500E8F191 /* Release */,
			);
			defaultConfigurationIsVisible = 0;
			defaultConfigurationName = Release;
		};
/* End XCConfigurationList section */
	};
	rootObject = 5BEF3E921E92BF5500E8F191 /* Project object */;
}
